
Microsoft Visual Studio Solution File, Format Version 12.00
# Visual Studio Version 17
VisualStudioVersion = 17.9.34728.123
MinimumVisualStudioVersion = 10.0.40219.1
Project("{FAE04EC0-301F-11D3-BF4B-00C04F79EFBC}") = "Zadanie", "Zadanie.csproj", "{3251CA17-942B-49D7-B774-89B7217E3164}"
EndProject
Global
	GlobalSection(SolutionConfigurationPlatforms) = preSolution
		Debug|Any CPU = Debug|Any CPU
		Release|Any CPU = Release|Any CPU
	EndGlobalSection
	GlobalSection(ProjectConfigurationPlatforms) = postSolution
		{3251CA17-942B-49D7-B774-89B7217E3164}.Debug|Any CPU.ActiveCfg = Debug|Any CPU
		{3251CA17-942B-49D7-B774-89B7217E3164}.Debug|Any CPU.Build.0 = Debug|Any CPU
		{3251CA17-942B-49D7-B774-89B7217E3164}.Release|Any CPU.ActiveCfg = Release|Any CPU
		{3251CA17-942B-49D7-B774-89B7217E3164}.Release|Any CPU.Build.0 = Release|Any CPU
	EndGlobalSection
	GlobalSection(SolutionProperties) = preSolution
		HideSolutionNode = FALSE
	EndGlobalSection
	GlobalSection(ExtensibilityGlobals) = postSolution
		SolutionGuid = {0A114232-6345-486D-A19A-5578959D2A14}
	EndGlobalSection
EndGlobal
